
Microsoft Visual Studio Solution File, Format Version 12.00
Project("{FAE04EC0-301F-11D3-BF4B-00C04F79EFBC}") = "EliteVA", "EliteVA\EliteVA.csproj", "{FE751E12-350C-4EA3-A736-F851CE2C9537}"
EndProject
Project("{FAE04EC0-301F-11D3-BF4B-00C04F79EFBC}") = "ProfileGenerator", "ProfileGenerator\ProfileGenerator.csproj", "{10496688-903C-4B63-81D0-835D88DD1A4C}"
EndProject
Project("{FAE04EC0-301F-11D3-BF4B-00C04F79EFBC}") = "EliteVA.Updater", "EliteVA.Updater\EliteVA.Updater.csproj", "{00A2BA41-02C4-4480-8FC6-957FF83D3224}"
EndProject
Global
	GlobalSection(SolutionConfigurationPlatforms) = preSolution
		Debug|Any CPU = Debug|Any CPU
		Release|Any CPU = Release|Any CPU
	EndGlobalSection
	GlobalSection(ProjectConfigurationPlatforms) = postSolution
		{FE751E12-350C-4EA3-A736-F851CE2C9537}.Debug|Any CPU.ActiveCfg = Debug|Any CPU
		{FE751E12-350C-4EA3-A736-F851CE2C9537}.Debug|Any CPU.Build.0 = Debug|Any CPU
		{FE751E12-350C-4EA3-A736-F851CE2C9537}.Release|Any CPU.ActiveCfg = Release|Any CPU
		{FE751E12-350C-4EA3-A736-F851CE2C9537}.Release|Any CPU.Build.0 = Release|Any CPU
		{10496688-903C-4B63-81D0-835D88DD1A4C}.Debug|Any CPU.ActiveCfg = Debug|Any CPU
		{10496688-903C-4B63-81D0-835D88DD1A4C}.Debug|Any CPU.Build.0 = Debug|Any CPU
		{10496688-903C-4B63-81D0-835D88DD1A4C}.Release|Any CPU.ActiveCfg = Release|Any CPU
		{10496688-903C-4B63-81D0-835D88DD1A4C}.Release|Any CPU.Build.0 = Release|Any CPU
		{00A2BA41-02C4-4480-8FC6-957FF83D3224}.Debug|Any CPU.ActiveCfg = Debug|Any CPU
		{00A2BA41-02C4-4480-8FC6-957FF83D3224}.Debug|Any CPU.Build.0 = Debug|Any CPU
		{00A2BA41-02C4-4480-8FC6-957FF83D3224}.Release|Any CPU.ActiveCfg = Release|Any CPU
		{00A2BA41-02C4-4480-8FC6-957FF83D3224}.Release|Any CPU.Build.0 = Release|Any CPU
	EndGlobalSection
EndGlobal
