
Microsoft Visual Studio Solution File, Format Version 12.00
Project("{FAE04EC0-301F-11D3-BF4B-00C04F79EFBC}") = "EliteVA", "EliteVA.csproj", "{960F359F-0801-4BD4-92D4-0B996F9E92AB}"
EndProject
Global
	GlobalSection(SolutionConfigurationPlatforms) = preSolution
		Debug|Any CPU = Debug|Any CPU
		Release|Any CPU = Release|Any CPU
	EndGlobalSection
	GlobalSection(ProjectConfigurationPlatforms) = postSolution
		{960F359F-0801-4BD4-92D4-0B996F9E92AB}.Debug|Any CPU.ActiveCfg = Debug|Any CPU
		{960F359F-0801-4BD4-92D4-0B996F9E92AB}.Debug|Any CPU.Build.0 = Debug|Any CPU
		{960F359F-0801-4BD4-92D4-0B996F9E92AB}.Release|Any CPU.ActiveCfg = Release|Any CPU
		{960F359F-0801-4BD4-92D4-0B996F9E92AB}.Release|Any CPU.Build.0 = Release|Any CPU
	EndGlobalSection
EndGlobal
