
Microsoft Visual Studio Solution File, Format Version 12.00
Project("{FAE04EC0-301F-11D3-BF4B-00C04F79EFBC}") = "EliteVA", "EliteVA\EliteVA.csproj", "{FE751E12-350C-4EA3-A736-F851CE2C9537}"
EndProject
Project("{FAE04EC0-301F-11D3-BF4B-00C04F79EFBC}") = "ProfileGenerator", "ProfileGenerator\ProfileGenerator.csproj", "{10496688-903C-4B63-81D0-835D88DD1A4C}"
EndProject
Project("{FAE04EC0-301F-11D3-BF4B-00C04F79EFBC}") = "EliteAPI", "EliteAPI\EliteAPI\EliteAPI.csproj", "{01A08AA5-4397-4395-B178-1FA63EEA600E}"
EndProject
Project("{2150E333-8FDC-42A3-9474-1A3956D46DE8}") = "EliteAPI", "EliteAPI", "{6038D867-2642-40C3-9292-264C1FB33072}"
EndProject
Project("{FAE04EC0-301F-11D3-BF4B-00C04F79EFBC}") = "EliteAPI.Abstractions", "EliteAPI\EliteAPI.Abstractions\EliteAPI.Abstractions.csproj", "{581AC895-4E41-48D8-A483-A66F37F57C99}"
EndProject
Project("{FAE04EC0-301F-11D3-BF4B-00C04F79EFBC}") = "EliteAPI.Events", "EliteAPI\EliteAPI.Events\EliteAPI.Events.csproj", "{5096B3B7-928B-4A7A-AEF0-DB57D45EB447}"
EndProject
Project("{FAE04EC0-301F-11D3-BF4B-00C04F79EFBC}") = "EliteAPI.Status", "EliteAPI\EliteAPI.Status\EliteAPI.Status.csproj", "{0DFE1F97-A035-4AD8-9EA6-34DA503E1D37}"
EndProject
Project("{FAE04EC0-301F-11D3-BF4B-00C04F79EFBC}") = "EliteAPI.Tests", "EliteAPI\EliteAPI.Tests\EliteAPI.Tests.csproj", "{D24C8411-E1E0-45FD-98FF-615FC9091ED4}"
EndProject
Project("{FAE04EC0-301F-11D3-BF4B-00C04F79EFBC}") = "EliteAPI.Events.Generator", "EliteAPI\EliteAPI.Events.Generator\EliteAPI.Events.Generator.csproj", "{148E5CA0-A8F3-41DD-83A1-6CACA4126D3F}"
EndProject
Project("{FAE04EC0-301F-11D3-BF4B-00C04F79EFBC}") = "EliteAPI.Web", "EliteAPI\EliteAPI.Web\EliteAPI.Web.csproj", "{7619B0EF-E1A1-476D-93A0-CB598A2382B1}"
EndProject
Project("{FAE04EC0-301F-11D3-BF4B-00C04F79EFBC}") = "Example", "EliteAPI\Examples\Example\Example.csproj", "{83859423-8F40-403C-AA9A-272DF09FF5B4}"
EndProject
Project("{2150E333-8FDC-42A3-9474-1A3956D46DE8}") = "Examples", "Examples", "{B007940A-3845-4193-89A2-5A602CE39672}"
EndProject
Project("{FAE04EC0-301F-11D3-BF4B-00C04F79EFBC}") = "Example.Web", "EliteAPI\Examples\Example.Web\Example.Web.csproj", "{7FE1F6E9-D4CD-4957-BC8D-00135030C5C9}"
EndProject
Project("{FAE04EC0-301F-11D3-BF4B-00C04F79EFBC}") = "EliteAPI.Discord", "EliteAPI\Discord\EliteAPI.Discord\EliteAPI.Discord.csproj", "{5649A0DF-A0B4-45A3-B3AC-49503C6308A6}"
EndProject
Project("{FAE04EC0-301F-11D3-BF4B-00C04F79EFBC}") = "EliteAPI.Web.Spansh", "EliteAPI\EliteAPI.Web.Spansh\EliteAPI.Web.Spansh.csproj", "{FD45461F-1B2B-4C61-9FD8-377FB6F7EB0A}"
EndProject
Project("{FAE04EC0-301F-11D3-BF4B-00C04F79EFBC}") = "EliteAPI.EDDN", "EliteAPI\EDDN\EliteAPI.EDDN\EliteAPI.EDDN.csproj", "{318F060C-736D-4585-9614-4B9206B13E3C}"
EndProject
Project("{FAE04EC0-301F-11D3-BF4B-00C04F79EFBC}") = "EliteVA.Tests", "EliteVA.Tests\EliteVA.Tests.csproj", "{09216EB8-6E39-4D3A-B31B-89BC8D756114}"
EndProject
Global
	GlobalSection(SolutionConfigurationPlatforms) = preSolution
		Debug|Any CPU = Debug|Any CPU
		Release|Any CPU = Release|Any CPU
	EndGlobalSection
	GlobalSection(ProjectConfigurationPlatforms) = postSolution
		{FE751E12-350C-4EA3-A736-F851CE2C9537}.Debug|Any CPU.ActiveCfg = Debug|Any CPU
		{FE751E12-350C-4EA3-A736-F851CE2C9537}.Debug|Any CPU.Build.0 = Debug|Any CPU
		{FE751E12-350C-4EA3-A736-F851CE2C9537}.Release|Any CPU.ActiveCfg = Release|Any CPU
		{FE751E12-350C-4EA3-A736-F851CE2C9537}.Release|Any CPU.Build.0 = Release|Any CPU
		{10496688-903C-4B63-81D0-835D88DD1A4C}.Debug|Any CPU.ActiveCfg = Debug|Any CPU
		{10496688-903C-4B63-81D0-835D88DD1A4C}.Debug|Any CPU.Build.0 = Debug|Any CPU
		{10496688-903C-4B63-81D0-835D88DD1A4C}.Release|Any CPU.ActiveCfg = Release|Any CPU
		{10496688-903C-4B63-81D0-835D88DD1A4C}.Release|Any CPU.Build.0 = Release|Any CPU
		{01A08AA5-4397-4395-B178-1FA63EEA600E}.Debug|Any CPU.ActiveCfg = Debug|Any CPU
		{01A08AA5-4397-4395-B178-1FA63EEA600E}.Debug|Any CPU.Build.0 = Debug|Any CPU
		{01A08AA5-4397-4395-B178-1FA63EEA600E}.Release|Any CPU.ActiveCfg = Release|Any CPU
		{01A08AA5-4397-4395-B178-1FA63EEA600E}.Release|Any CPU.Build.0 = Release|Any CPU
		{581AC895-4E41-48D8-A483-A66F37F57C99}.Debug|Any CPU.ActiveCfg = Debug|Any CPU
		{581AC895-4E41-48D8-A483-A66F37F57C99}.Debug|Any CPU.Build.0 = Debug|Any CPU
		{581AC895-4E41-48D8-A483-A66F37F57C99}.Release|Any CPU.ActiveCfg = Release|Any CPU
		{581AC895-4E41-48D8-A483-A66F37F57C99}.Release|Any CPU.Build.0 = Release|Any CPU
		{5096B3B7-928B-4A7A-AEF0-DB57D45EB447}.Debug|Any CPU.ActiveCfg = Debug|Any CPU
		{5096B3B7-928B-4A7A-AEF0-DB57D45EB447}.Debug|Any CPU.Build.0 = Debug|Any CPU
		{5096B3B7-928B-4A7A-AEF0-DB57D45EB447}.Release|Any CPU.ActiveCfg = Release|Any CPU
		{5096B3B7-928B-4A7A-AEF0-DB57D45EB447}.Release|Any CPU.Build.0 = Release|Any CPU
		{0DFE1F97-A035-4AD8-9EA6-34DA503E1D37}.Debug|Any CPU.ActiveCfg = Debug|Any CPU
		{0DFE1F97-A035-4AD8-9EA6-34DA503E1D37}.Debug|Any CPU.Build.0 = Debug|Any CPU
		{0DFE1F97-A035-4AD8-9EA6-34DA503E1D37}.Release|Any CPU.ActiveCfg = Release|Any CPU
		{0DFE1F97-A035-4AD8-9EA6-34DA503E1D37}.Release|Any CPU.Build.0 = Release|Any CPU
		{D24C8411-E1E0-45FD-98FF-615FC9091ED4}.Debug|Any CPU.ActiveCfg = Debug|Any CPU
		{D24C8411-E1E0-45FD-98FF-615FC9091ED4}.Debug|Any CPU.Build.0 = Debug|Any CPU
		{D24C8411-E1E0-45FD-98FF-615FC9091ED4}.Release|Any CPU.ActiveCfg = Release|Any CPU
		{D24C8411-E1E0-45FD-98FF-615FC9091ED4}.Release|Any CPU.Build.0 = Release|Any CPU
		{148E5CA0-A8F3-41DD-83A1-6CACA4126D3F}.Debug|Any CPU.ActiveCfg = Debug|Any CPU
		{148E5CA0-A8F3-41DD-83A1-6CACA4126D3F}.Debug|Any CPU.Build.0 = Debug|Any CPU
		{148E5CA0-A8F3-41DD-83A1-6CACA4126D3F}.Release|Any CPU.ActiveCfg = Release|Any CPU
		{148E5CA0-A8F3-41DD-83A1-6CACA4126D3F}.Release|Any CPU.Build.0 = Release|Any CPU
		{7619B0EF-E1A1-476D-93A0-CB598A2382B1}.Debug|Any CPU.ActiveCfg = Debug|Any CPU
		{7619B0EF-E1A1-476D-93A0-CB598A2382B1}.Debug|Any CPU.Build.0 = Debug|Any CPU
		{7619B0EF-E1A1-476D-93A0-CB598A2382B1}.Release|Any CPU.ActiveCfg = Release|Any CPU
		{7619B0EF-E1A1-476D-93A0-CB598A2382B1}.Release|Any CPU.Build.0 = Release|Any CPU
		{83859423-8F40-403C-AA9A-272DF09FF5B4}.Debug|Any CPU.ActiveCfg = Debug|Any CPU
		{83859423-8F40-403C-AA9A-272DF09FF5B4}.Debug|Any CPU.Build.0 = Debug|Any CPU
		{83859423-8F40-403C-AA9A-272DF09FF5B4}.Release|Any CPU.ActiveCfg = Release|Any CPU
		{83859423-8F40-403C-AA9A-272DF09FF5B4}.Release|Any CPU.Build.0 = Release|Any CPU
		{7FE1F6E9-D4CD-4957-BC8D-00135030C5C9}.Debug|Any CPU.ActiveCfg = Debug|Any CPU
		{7FE1F6E9-D4CD-4957-BC8D-00135030C5C9}.Debug|Any CPU.Build.0 = Debug|Any CPU
		{7FE1F6E9-D4CD-4957-BC8D-00135030C5C9}.Release|Any CPU.ActiveCfg = Release|Any CPU
		{7FE1F6E9-D4CD-4957-BC8D-00135030C5C9}.Release|Any CPU.Build.0 = Release|Any CPU
		{5649A0DF-A0B4-45A3-B3AC-49503C6308A6}.Debug|Any CPU.ActiveCfg = Debug|Any CPU
		{5649A0DF-A0B4-45A3-B3AC-49503C6308A6}.Debug|Any CPU.Build.0 = Debug|Any CPU
		{5649A0DF-A0B4-45A3-B3AC-49503C6308A6}.Release|Any CPU.ActiveCfg = Release|Any CPU
		{5649A0DF-A0B4-45A3-B3AC-49503C6308A6}.Release|Any CPU.Build.0 = Release|Any CPU
		{FD45461F-1B2B-4C61-9FD8-377FB6F7EB0A}.Debug|Any CPU.ActiveCfg = Debug|Any CPU
		{FD45461F-1B2B-4C61-9FD8-377FB6F7EB0A}.Debug|Any CPU.Build.0 = Debug|Any CPU
		{FD45461F-1B2B-4C61-9FD8-377FB6F7EB0A}.Release|Any CPU.ActiveCfg = Release|Any CPU
		{FD45461F-1B2B-4C61-9FD8-377FB6F7EB0A}.Release|Any CPU.Build.0 = Release|Any CPU
		{318F060C-736D-4585-9614-4B9206B13E3C}.Debug|Any CPU.ActiveCfg = Debug|Any CPU
		{318F060C-736D-4585-9614-4B9206B13E3C}.Debug|Any CPU.Build.0 = Debug|Any CPU
		{318F060C-736D-4585-9614-4B9206B13E3C}.Release|Any CPU.ActiveCfg = Release|Any CPU
		{318F060C-736D-4585-9614-4B9206B13E3C}.Release|Any CPU.Build.0 = Release|Any CPU
		{09216EB8-6E39-4D3A-B31B-89BC8D756114}.Debug|Any CPU.ActiveCfg = Debug|Any CPU
		{09216EB8-6E39-4D3A-B31B-89BC8D756114}.Debug|Any CPU.Build.0 = Debug|Any CPU
		{09216EB8-6E39-4D3A-B31B-89BC8D756114}.Release|Any CPU.ActiveCfg = Release|Any CPU
		{09216EB8-6E39-4D3A-B31B-89BC8D756114}.Release|Any CPU.Build.0 = Release|Any CPU
	EndGlobalSection
	GlobalSection(NestedProjects) = preSolution
		{01A08AA5-4397-4395-B178-1FA63EEA600E} = {6038D867-2642-40C3-9292-264C1FB33072}
		{581AC895-4E41-48D8-A483-A66F37F57C99} = {6038D867-2642-40C3-9292-264C1FB33072}
		{5096B3B7-928B-4A7A-AEF0-DB57D45EB447} = {6038D867-2642-40C3-9292-264C1FB33072}
		{0DFE1F97-A035-4AD8-9EA6-34DA503E1D37} = {6038D867-2642-40C3-9292-264C1FB33072}
		{D24C8411-E1E0-45FD-98FF-615FC9091ED4} = {6038D867-2642-40C3-9292-264C1FB33072}
		{148E5CA0-A8F3-41DD-83A1-6CACA4126D3F} = {6038D867-2642-40C3-9292-264C1FB33072}
		{7619B0EF-E1A1-476D-93A0-CB598A2382B1} = {6038D867-2642-40C3-9292-264C1FB33072}
		{B007940A-3845-4193-89A2-5A602CE39672} = {6038D867-2642-40C3-9292-264C1FB33072}
		{83859423-8F40-403C-AA9A-272DF09FF5B4} = {B007940A-3845-4193-89A2-5A602CE39672}
		{7FE1F6E9-D4CD-4957-BC8D-00135030C5C9} = {B007940A-3845-4193-89A2-5A602CE39672}
		{5649A0DF-A0B4-45A3-B3AC-49503C6308A6} = {6038D867-2642-40C3-9292-264C1FB33072}
		{FD45461F-1B2B-4C61-9FD8-377FB6F7EB0A} = {6038D867-2642-40C3-9292-264C1FB33072}
		{318F060C-736D-4585-9614-4B9206B13E3C} = {6038D867-2642-40C3-9292-264C1FB33072}
	EndGlobalSection
EndGlobal
